
Microsoft Visual Studio Solution File, Format Version 12.00
# Visual Studio Version 16
VisualStudioVersion = 16.0.31729.503
MinimumVisualStudioVersion = 10.0.40219.1
Project("{9A19103F-16F7-4668-BE54-9A1E7A4F7556}") = "ifStatement", "ifStatement\ifStatement.csproj", "{330DBEBF-94D4-4EC0-9FA1-818CED0F4047}"
EndProject
Project("{9A19103F-16F7-4668-BE54-9A1E7A4F7556}") = "ifStatement2", "ifStatement2\ifStatement2.csproj", "{4B74518A-BF98-4631-8129-0F5F1B5020A3}"
EndProject
Project("{9A19103F-16F7-4668-BE54-9A1E7A4F7556}") = "ifElseif", "ifElseif\ifElseif.csproj", "{6A07C6E1-B41D-4852-BDE2-6F76B089D605}"
EndProject
Project("{FAE04EC0-301F-11D3-BF4B-00C04F79EFBC}") = "ifStatment4Ornek", "ifStatment4Ornek\ifStatment4Ornek.csproj", "{1B0FB09A-16B3-45F0-B45E-55D353E2FE78}"
EndProject
Global
	GlobalSection(SolutionConfigurationPlatforms) = preSolution
		Debug|Any CPU = Debug|Any CPU
		Release|Any CPU = Release|Any CPU
	EndGlobalSection
	GlobalSection(ProjectConfigurationPlatforms) = postSolution
		{330DBEBF-94D4-4EC0-9FA1-818CED0F4047}.Debug|Any CPU.ActiveCfg = Debug|Any CPU
		{330DBEBF-94D4-4EC0-9FA1-818CED0F4047}.Debug|Any CPU.Build.0 = Debug|Any CPU
		{330DBEBF-94D4-4EC0-9FA1-818CED0F4047}.Release|Any CPU.ActiveCfg = Release|Any CPU
		{330DBEBF-94D4-4EC0-9FA1-818CED0F4047}.Release|Any CPU.Build.0 = Release|Any CPU
		{4B74518A-BF98-4631-8129-0F5F1B5020A3}.Debug|Any CPU.ActiveCfg = Debug|Any CPU
		{4B74518A-BF98-4631-8129-0F5F1B5020A3}.Debug|Any CPU.Build.0 = Debug|Any CPU
		{4B74518A-BF98-4631-8129-0F5F1B5020A3}.Release|Any CPU.ActiveCfg = Release|Any CPU
		{4B74518A-BF98-4631-8129-0F5F1B5020A3}.Release|Any CPU.Build.0 = Release|Any CPU
		{6A07C6E1-B41D-4852-BDE2-6F76B089D605}.Debug|Any CPU.ActiveCfg = Debug|Any CPU
		{6A07C6E1-B41D-4852-BDE2-6F76B089D605}.Debug|Any CPU.Build.0 = Debug|Any CPU
		{6A07C6E1-B41D-4852-BDE2-6F76B089D605}.Release|Any CPU.ActiveCfg = Release|Any CPU
		{6A07C6E1-B41D-4852-BDE2-6F76B089D605}.Release|Any CPU.Build.0 = Release|Any CPU
		{1B0FB09A-16B3-45F0-B45E-55D353E2FE78}.Debug|Any CPU.ActiveCfg = Debug|Any CPU
		{1B0FB09A-16B3-45F0-B45E-55D353E2FE78}.Debug|Any CPU.Build.0 = Debug|Any CPU
		{1B0FB09A-16B3-45F0-B45E-55D353E2FE78}.Release|Any CPU.ActiveCfg = Release|Any CPU
		{1B0FB09A-16B3-45F0-B45E-55D353E2FE78}.Release|Any CPU.Build.0 = Release|Any CPU
	EndGlobalSection
	GlobalSection(SolutionProperties) = preSolution
		HideSolutionNode = FALSE
	EndGlobalSection
	GlobalSection(ExtensibilityGlobals) = postSolution
		SolutionGuid = {D66D4A58-9C3A-4430-8103-9C5F819A7D3D}
	EndGlobalSection
EndGlobal
